{
  "nodes": {
    "nixpkgs": {
      "locked": {
        "lastModified": 1759676834,
        "narHash": "sha256-dFwVDhQ1/ug5OBwq010EaxNKjM5oIpei6SX4wlNrfeE=",
        "owner": "nixos",
        "repo": "nixpkgs",
        "rev": "5356b075d67e144665e71a215bd8672db0d2b3d8",
        "type": "github"
      },
      "original": {
        "owner": "nixos",
        "repo": "nixpkgs",
        "type": "github"
      }
    },
    "root": {
      "inputs": {
        "nixpkgs": "nixpkgs"
      }
    }
  },
  "root": "root",
  "version": 7
}
